
Microsoft Visual Studio Solution File, Format Version 12.00
# Visual Studio Version 17
VisualStudioVersion = 17.5.002.0
MinimumVisualStudioVersion = 10.0.40219.1
Project("{9A19103F-16F7-4668-BE54-9A1E7A4F7556}") = "2095 Deletethe Middle Node of a Linked List", "2095 Deletethe Middle Node of a Linked List.csproj", "{DF6D791F-121F-4292-AC6D-FA16443886EB}"
EndProject
Global
	GlobalSection(SolutionConfigurationPlatforms) = preSolution
		Debug|Any CPU = Debug|Any CPU
		Release|Any CPU = Release|Any CPU
	EndGlobalSection
	GlobalSection(ProjectConfigurationPlatforms) = postSolution
		{DF6D791F-121F-4292-AC6D-FA16443886EB}.Debug|Any CPU.ActiveCfg = Debug|Any CPU
		{DF6D791F-121F-4292-AC6D-FA16443886EB}.Debug|Any CPU.Build.0 = Debug|Any CPU
		{DF6D791F-121F-4292-AC6D-FA16443886EB}.Release|Any CPU.ActiveCfg = Release|Any CPU
		{DF6D791F-121F-4292-AC6D-FA16443886EB}.Release|Any CPU.Build.0 = Release|Any CPU
	EndGlobalSection
	GlobalSection(SolutionProperties) = preSolution
		HideSolutionNode = FALSE
	EndGlobalSection
	GlobalSection(ExtensibilityGlobals) = postSolution
		SolutionGuid = {D096B734-938D-4943-91D9-72EE68B0488D}
	EndGlobalSection
EndGlobal
